
Microsoft Visual Studio Solution File, Format Version 12.00
# Visual Studio Version 17
VisualStudioVersion = 17.5.33424.131
MinimumVisualStudioVersion = 10.0.40219.1
Project("{FAE04EC0-301F-11D3-BF4B-00C04F79EFBC}") = "Final_Exam", "Final_Exam\Final_Exam.csproj", "{81F7836E-FB09-412A-9942-3B8D531C6214}"
EndProject
Global
	GlobalSection(SolutionConfigurationPlatforms) = preSolution
		Debug|Any CPU = Debug|Any CPU
		Release|Any CPU = Release|Any CPU
	EndGlobalSection
	GlobalSection(ProjectConfigurationPlatforms) = postSolution
		{81F7836E-FB09-412A-9942-3B8D531C6214}.Debug|Any CPU.ActiveCfg = Debug|Any CPU
		{81F7836E-FB09-412A-9942-3B8D531C6214}.Debug|Any CPU.Build.0 = Debug|Any CPU
		{81F7836E-FB09-412A-9942-3B8D531C6214}.Release|Any CPU.ActiveCfg = Release|Any CPU
		{81F7836E-FB09-412A-9942-3B8D531C6214}.Release|Any CPU.Build.0 = Release|Any CPU
	EndGlobalSection
	GlobalSection(SolutionProperties) = preSolution
		HideSolutionNode = FALSE
	EndGlobalSection
	GlobalSection(ExtensibilityGlobals) = postSolution
		SolutionGuid = {3F48BC09-B486-4455-85DC-BA75E6836D2F}
	EndGlobalSection
EndGlobal
