
Microsoft Visual Studio Solution File, Format Version 12.00
# Visual Studio Version 17
VisualStudioVersion = 17.5.33424.131
MinimumVisualStudioVersion = 10.0.40219.1
Project("{FAE04EC0-301F-11D3-BF4B-00C04F79EFBC}") = "Lab_5.1", "Lab_5.1\Lab_5.1.csproj", "{58F41542-D613-439E-9F74-A60C52407109}"
EndProject
Global
	GlobalSection(SolutionConfigurationPlatforms) = preSolution
		Debug|Any CPU = Debug|Any CPU
		Release|Any CPU = Release|Any CPU
	EndGlobalSection
	GlobalSection(ProjectConfigurationPlatforms) = postSolution
		{58F41542-D613-439E-9F74-A60C52407109}.Debug|Any CPU.ActiveCfg = Debug|Any CPU
		{58F41542-D613-439E-9F74-A60C52407109}.Debug|Any CPU.Build.0 = Debug|Any CPU
		{58F41542-D613-439E-9F74-A60C52407109}.Release|Any CPU.ActiveCfg = Release|Any CPU
		{58F41542-D613-439E-9F74-A60C52407109}.Release|Any CPU.Build.0 = Release|Any CPU
	EndGlobalSection
	GlobalSection(SolutionProperties) = preSolution
		HideSolutionNode = FALSE
	EndGlobalSection
	GlobalSection(ExtensibilityGlobals) = postSolution
		SolutionGuid = {075C9399-8033-40A6-AE14-31460D97A7D6}
	EndGlobalSection
EndGlobal
